
Microsoft Visual Studio Solution File, Format Version 12.00
# Visual Studio 15
VisualStudioVersion = 15.0.28307.102
MinimumVisualStudioVersion = 10.0.40219.1
Project("{FAE04EC0-301F-11D3-BF4B-00C04F79EFBC}") = "tmp.Android", "tmp\tmp.Android\tmp.Android.csproj", "{0F5ED21F-AED9-4A27-9684-3A542A91F7A8}"
EndProject
Project("{FAE04EC0-301F-11D3-BF4B-00C04F79EFBC}") = "tmp.iOS", "tmp\tmp.iOS\tmp.iOS.csproj", "{1198FFF6-0758-4918-9491-96D5A42162C1}"
EndProject
Project("{9A19103F-16F7-4668-BE54-9A1E7A4F7556}") = "tmp", "tmp\tmp\tmp.csproj", "{6030B3F5-41E3-40AA-A31A-C6AFEBC9C2F6}"
EndProject
Project("{FAE04EC0-301F-11D3-BF4B-00C04F79EFBC}") = "tmp.BackEnd", "tmp.BackEnd\tmp.BackEnd.csproj", "{E5DEC12D-8C47-4634-B7FE-49A004EAADC8}"
EndProject
Project("{FAE04EC0-301F-11D3-BF4B-00C04F79EFBC}") = "tmp.API", "tmp.API\tmp.API.csproj", "{4D42E2E5-C04E-4005-9823-76CDE61B995F}"
EndProject
Project("{FAE04EC0-301F-11D3-BF4B-00C04F79EFBC}") = "tmp.API.Tests", "tmp.API.Tests\tmp.API.Tests.csproj", "{FC9B1AA2-75D5-4CE4-9AEA-F3BD928BA22C}"
EndProject
Project("{FAE04EC0-301F-11D3-BF4B-00C04F79EFBC}") = "tmp.Domain", "tmp.Domain\tmp.Domain.csproj", "{DFE961C6-2B67-4B9D-A4C7-88566393EFDD}"
EndProject
Project("{FAE04EC0-301F-11D3-BF4B-00C04F79EFBC}") = "tmp.Common", "tmp.Common\tmp.Common.csproj", "{A5254A2B-E211-4C75-AF58-CD957637AF7D}"
EndProject
Global
	GlobalSection(SolutionConfigurationPlatforms) = preSolution
		Ad-Hoc|Any CPU = Ad-Hoc|Any CPU
		Ad-Hoc|iPhone = Ad-Hoc|iPhone
		Ad-Hoc|iPhoneSimulator = Ad-Hoc|iPhoneSimulator
		AppStore|Any CPU = AppStore|Any CPU
		AppStore|iPhone = AppStore|iPhone
		AppStore|iPhoneSimulator = AppStore|iPhoneSimulator
		Debug|Any CPU = Debug|Any CPU
		Debug|iPhone = Debug|iPhone
		Debug|iPhoneSimulator = Debug|iPhoneSimulator
		Release|Any CPU = Release|Any CPU
		Release|iPhone = Release|iPhone
		Release|iPhoneSimulator = Release|iPhoneSimulator
	EndGlobalSection
	GlobalSection(ProjectConfigurationPlatforms) = postSolution
		{0F5ED21F-AED9-4A27-9684-3A542A91F7A8}.Ad-Hoc|Any CPU.ActiveCfg = Release|Any CPU
		{0F5ED21F-AED9-4A27-9684-3A542A91F7A8}.Ad-Hoc|Any CPU.Build.0 = Release|Any CPU
		{0F5ED21F-AED9-4A27-9684-3A542A91F7A8}.Ad-Hoc|Any CPU.Deploy.0 = Release|Any CPU
		{0F5ED21F-AED9-4A27-9684-3A542A91F7A8}.Ad-Hoc|iPhone.ActiveCfg = Release|Any CPU
		{0F5ED21F-AED9-4A27-9684-3A542A91F7A8}.Ad-Hoc|iPhone.Build.0 = Release|Any CPU
		{0F5ED21F-AED9-4A27-9684-3A542A91F7A8}.Ad-Hoc|iPhone.Deploy.0 = Release|Any CPU
		{0F5ED21F-AED9-4A27-9684-3A542A91F7A8}.Ad-Hoc|iPhoneSimulator.ActiveCfg = Release|Any CPU
		{0F5ED21F-AED9-4A27-9684-3A542A91F7A8}.Ad-Hoc|iPhoneSimulator.Build.0 = Release|Any CPU
		{0F5ED21F-AED9-4A27-9684-3A542A91F7A8}.Ad-Hoc|iPhoneSimulator.Deploy.0 = Release|Any CPU
		{0F5ED21F-AED9-4A27-9684-3A542A91F7A8}.AppStore|Any CPU.ActiveCfg = Release|Any CPU
		{0F5ED21F-AED9-4A27-9684-3A542A91F7A8}.AppStore|Any CPU.Build.0 = Release|Any CPU
		{0F5ED21F-AED9-4A27-9684-3A542A91F7A8}.AppStore|Any CPU.Deploy.0 = Release|Any CPU
		{0F5ED21F-AED9-4A27-9684-3A542A91F7A8}.AppStore|iPhone.ActiveCfg = Release|Any CPU
		{0F5ED21F-AED9-4A27-9684-3A542A91F7A8}.AppStore|iPhone.Build.0 = Release|Any CPU
		{0F5ED21F-AED9-4A27-9684-3A542A91F7A8}.AppStore|iPhone.Deploy.0 = Release|Any CPU
		{0F5ED21F-AED9-4A27-9684-3A542A91F7A8}.AppStore|iPhoneSimulator.ActiveCfg = Release|Any CPU
		{0F5ED21F-AED9-4A27-9684-3A542A91F7A8}.AppStore|iPhoneSimulator.Build.0 = Release|Any CPU
		{0F5ED21F-AED9-4A27-9684-3A542A91F7A8}.AppStore|iPhoneSimulator.Deploy.0 = Release|Any CPU
		{0F5ED21F-AED9-4A27-9684-3A542A91F7A8}.Debug|Any CPU.ActiveCfg = Debug|Any CPU
		{0F5ED21F-AED9-4A27-9684-3A542A91F7A8}.Debug|Any CPU.Build.0 = Debug|Any CPU
		{0F5ED21F-AED9-4A27-9684-3A542A91F7A8}.Debug|Any CPU.Deploy.0 = Debug|Any CPU
		{0F5ED21F-AED9-4A27-9684-3A542A91F7A8}.Debug|iPhone.ActiveCfg = Debug|Any CPU
		{0F5ED21F-AED9-4A27-9684-3A542A91F7A8}.Debug|iPhone.Build.0 = Debug|Any CPU
		{0F5ED21F-AED9-4A27-9684-3A542A91F7A8}.Debug|iPhone.Deploy.0 = Debug|Any CPU
		{0F5ED21F-AED9-4A27-9684-3A542A91F7A8}.Debug|iPhoneSimulator.ActiveCfg = Debug|Any CPU
		{0F5ED21F-AED9-4A27-9684-3A542A91F7A8}.Debug|iPhoneSimulator.Build.0 = Debug|Any CPU
		{0F5ED21F-AED9-4A27-9684-3A542A91F7A8}.Debug|iPhoneSimulator.Deploy.0 = Debug|Any CPU
		{0F5ED21F-AED9-4A27-9684-3A542A91F7A8}.Release|Any CPU.ActiveCfg = Release|Any CPU
		{0F5ED21F-AED9-4A27-9684-3A542A91F7A8}.Release|Any CPU.Build.0 = Release|Any CPU
		{0F5ED21F-AED9-4A27-9684-3A542A91F7A8}.Release|Any CPU.Deploy.0 = Release|Any CPU
		{0F5ED21F-AED9-4A27-9684-3A542A91F7A8}.Release|iPhone.ActiveCfg = Release|Any CPU
		{0F5ED21F-AED9-4A27-9684-3A542A91F7A8}.Release|iPhone.Build.0 = Release|Any CPU
		{0F5ED21F-AED9-4A27-9684-3A542A91F7A8}.Release|iPhone.Deploy.0 = Release|Any CPU
		{0F5ED21F-AED9-4A27-9684-3A542A91F7A8}.Release|iPhoneSimulator.ActiveCfg = Release|Any CPU
		{0F5ED21F-AED9-4A27-9684-3A542A91F7A8}.Release|iPhoneSimulator.Build.0 = Release|Any CPU
		{0F5ED21F-AED9-4A27-9684-3A542A91F7A8}.Release|iPhoneSimulator.Deploy.0 = Release|Any CPU
		{1198FFF6-0758-4918-9491-96D5A42162C1}.Ad-Hoc|Any CPU.ActiveCfg = Ad-Hoc|iPhone
		{1198FFF6-0758-4918-9491-96D5A42162C1}.Ad-Hoc|Any CPU.Build.0 = Ad-Hoc|iPhone
		{1198FFF6-0758-4918-9491-96D5A42162C1}.Ad-Hoc|Any CPU.Deploy.0 = Ad-Hoc|iPhone
		{1198FFF6-0758-4918-9491-96D5A42162C1}.Ad-Hoc|iPhone.ActiveCfg = Ad-Hoc|iPhone
		{1198FFF6-0758-4918-9491-96D5A42162C1}.Ad-Hoc|iPhone.Build.0 = Ad-Hoc|iPhone
		{1198FFF6-0758-4918-9491-96D5A42162C1}.Ad-Hoc|iPhone.Deploy.0 = Ad-Hoc|iPhone
		{1198FFF6-0758-4918-9491-96D5A42162C1}.Ad-Hoc|iPhoneSimulator.ActiveCfg = Ad-Hoc|iPhoneSimulator
		{1198FFF6-0758-4918-9491-96D5A42162C1}.Ad-Hoc|iPhoneSimulator.Build.0 = Ad-Hoc|iPhoneSimulator
		{1198FFF6-0758-4918-9491-96D5A42162C1}.Ad-Hoc|iPhoneSimulator.Deploy.0 = Ad-Hoc|iPhoneSimulator
		{1198FFF6-0758-4918-9491-96D5A42162C1}.AppStore|Any CPU.ActiveCfg = AppStore|iPhone
		{1198FFF6-0758-4918-9491-96D5A42162C1}.AppStore|Any CPU.Build.0 = AppStore|iPhone
		{1198FFF6-0758-4918-9491-96D5A42162C1}.AppStore|Any CPU.Deploy.0 = AppStore|iPhone
		{1198FFF6-0758-4918-9491-96D5A42162C1}.AppStore|iPhone.ActiveCfg = AppStore|iPhone
		{1198FFF6-0758-4918-9491-96D5A42162C1}.AppStore|iPhone.Build.0 = AppStore|iPhone
		{1198FFF6-0758-4918-9491-96D5A42162C1}.AppStore|iPhone.Deploy.0 = AppStore|iPhone
		{1198FFF6-0758-4918-9491-96D5A42162C1}.AppStore|iPhoneSimulator.ActiveCfg = AppStore|iPhoneSimulator
		{1198FFF6-0758-4918-9491-96D5A42162C1}.AppStore|iPhoneSimulator.Build.0 = AppStore|iPhoneSimulator
		{1198FFF6-0758-4918-9491-96D5A42162C1}.AppStore|iPhoneSimulator.Deploy.0 = AppStore|iPhoneSimulator
		{1198FFF6-0758-4918-9491-96D5A42162C1}.Debug|Any CPU.ActiveCfg = Debug|iPhoneSimulator
		{1198FFF6-0758-4918-9491-96D5A42162C1}.Debug|Any CPU.Build.0 = Debug|iPhoneSimulator
		{1198FFF6-0758-4918-9491-96D5A42162C1}.Debug|Any CPU.Deploy.0 = Debug|iPhoneSimulator
		{1198FFF6-0758-4918-9491-96D5A42162C1}.Debug|iPhone.ActiveCfg = Debug|iPhone
		{1198FFF6-0758-4918-9491-96D5A42162C1}.Debug|iPhone.Build.0 = Debug|iPhone
		{1198FFF6-0758-4918-9491-96D5A42162C1}.Debug|iPhone.Deploy.0 = Debug|iPhone
		{1198FFF6-0758-4918-9491-96D5A42162C1}.Debug|iPhoneSimulator.ActiveCfg = Debug|iPhoneSimulator
		{1198FFF6-0758-4918-9491-96D5A42162C1}.Debug|iPhoneSimulator.Build.0 = Debug|iPhoneSimulator
		{1198FFF6-0758-4918-9491-96D5A42162C1}.Debug|iPhoneSimulator.Deploy.0 = Debug|iPhoneSimulator
		{1198FFF6-0758-4918-9491-96D5A42162C1}.Release|Any CPU.ActiveCfg = Release|iPhone
		{1198FFF6-0758-4918-9491-96D5A42162C1}.Release|Any CPU.Build.0 = Release|iPhone
		{1198FFF6-0758-4918-9491-96D5A42162C1}.Release|Any CPU.Deploy.0 = Release|iPhone
		{1198FFF6-0758-4918-9491-96D5A42162C1}.Release|iPhone.ActiveCfg = Release|iPhone
		{1198FFF6-0758-4918-9491-96D5A42162C1}.Release|iPhone.Build.0 = Release|iPhone
		{1198FFF6-0758-4918-9491-96D5A42162C1}.Release|iPhone.Deploy.0 = Release|iPhone
		{1198FFF6-0758-4918-9491-96D5A42162C1}.Release|iPhoneSimulator.ActiveCfg = Release|iPhoneSimulator
		{1198FFF6-0758-4918-9491-96D5A42162C1}.Release|iPhoneSimulator.Build.0 = Release|iPhoneSimulator
		{1198FFF6-0758-4918-9491-96D5A42162C1}.Release|iPhoneSimulator.Deploy.0 = Release|iPhoneSimulator
		{6030B3F5-41E3-40AA-A31A-C6AFEBC9C2F6}.Ad-Hoc|Any CPU.ActiveCfg = Debug|Any CPU
		{6030B3F5-41E3-40AA-A31A-C6AFEBC9C2F6}.Ad-Hoc|Any CPU.Build.0 = Debug|Any CPU
		{6030B3F5-41E3-40AA-A31A-C6AFEBC9C2F6}.Ad-Hoc|Any CPU.Deploy.0 = Debug|Any CPU
		{6030B3F5-41E3-40AA-A31A-C6AFEBC9C2F6}.Ad-Hoc|iPhone.ActiveCfg = Debug|Any CPU
		{6030B3F5-41E3-40AA-A31A-C6AFEBC9C2F6}.Ad-Hoc|iPhone.Build.0 = Debug|Any CPU
		{6030B3F5-41E3-40AA-A31A-C6AFEBC9C2F6}.Ad-Hoc|iPhone.Deploy.0 = Debug|Any CPU
		{6030B3F5-41E3-40AA-A31A-C6AFEBC9C2F6}.Ad-Hoc|iPhoneSimulator.ActiveCfg = Debug|Any CPU
		{6030B3F5-41E3-40AA-A31A-C6AFEBC9C2F6}.Ad-Hoc|iPhoneSimulator.Build.0 = Debug|Any CPU
		{6030B3F5-41E3-40AA-A31A-C6AFEBC9C2F6}.Ad-Hoc|iPhoneSimulator.Deploy.0 = Debug|Any CPU
		{6030B3F5-41E3-40AA-A31A-C6AFEBC9C2F6}.AppStore|Any CPU.ActiveCfg = Debug|Any CPU
		{6030B3F5-41E3-40AA-A31A-C6AFEBC9C2F6}.AppStore|Any CPU.Build.0 = Debug|Any CPU
		{6030B3F5-41E3-40AA-A31A-C6AFEBC9C2F6}.AppStore|Any CPU.Deploy.0 = Debug|Any CPU
		{6030B3F5-41E3-40AA-A31A-C6AFEBC9C2F6}.AppStore|iPhone.ActiveCfg = Debug|Any CPU
		{6030B3F5-41E3-40AA-A31A-C6AFEBC9C2F6}.AppStore|iPhone.Build.0 = Debug|Any CPU
		{6030B3F5-41E3-40AA-A31A-C6AFEBC9C2F6}.AppStore|iPhone.Deploy.0 = Debug|Any CPU
		{6030B3F5-41E3-40AA-A31A-C6AFEBC9C2F6}.AppStore|iPhoneSimulator.ActiveCfg = Debug|Any CPU
		{6030B3F5-41E3-40AA-A31A-C6AFEBC9C2F6}.AppStore|iPhoneSimulator.Build.0 = Debug|Any CPU
		{6030B3F5-41E3-40AA-A31A-C6AFEBC9C2F6}.AppStore|iPhoneSimulator.Deploy.0 = Debug|Any CPU
		{6030B3F5-41E3-40AA-A31A-C6AFEBC9C2F6}.Debug|Any CPU.ActiveCfg = Debug|Any CPU
		{6030B3F5-41E3-40AA-A31A-C6AFEBC9C2F6}.Debug|Any CPU.Build.0 = Debug|Any CPU
		{6030B3F5-41E3-40AA-A31A-C6AFEBC9C2F6}.Debug|Any CPU.Deploy.0 = Debug|Any CPU
		{6030B3F5-41E3-40AA-A31A-C6AFEBC9C2F6}.Debug|iPhone.ActiveCfg = Debug|Any CPU
		{6030B3F5-41E3-40AA-A31A-C6AFEBC9C2F6}.Debug|iPhone.Build.0 = Debug|Any CPU
		{6030B3F5-41E3-40AA-A31A-C6AFEBC9C2F6}.Debug|iPhone.Deploy.0 = Debug|Any CPU
		{6030B3F5-41E3-40AA-A31A-C6AFEBC9C2F6}.Debug|iPhoneSimulator.ActiveCfg = Debug|Any CPU
		{6030B3F5-41E3-40AA-A31A-C6AFEBC9C2F6}.Debug|iPhoneSimulator.Build.0 = Debug|Any CPU
		{6030B3F5-41E3-40AA-A31A-C6AFEBC9C2F6}.Debug|iPhoneSimulator.Deploy.0 = Debug|Any CPU
		{6030B3F5-41E3-40AA-A31A-C6AFEBC9C2F6}.Release|Any CPU.ActiveCfg = Release|Any CPU
		{6030B3F5-41E3-40AA-A31A-C6AFEBC9C2F6}.Release|Any CPU.Build.0 = Release|Any CPU
		{6030B3F5-41E3-40AA-A31A-C6AFEBC9C2F6}.Release|Any CPU.Deploy.0 = Release|Any CPU
		{6030B3F5-41E3-40AA-A31A-C6AFEBC9C2F6}.Release|iPhone.ActiveCfg = Release|Any CPU
		{6030B3F5-41E3-40AA-A31A-C6AFEBC9C2F6}.Release|iPhone.Build.0 = Release|Any CPU
		{6030B3F5-41E3-40AA-A31A-C6AFEBC9C2F6}.Release|iPhone.Deploy.0 = Release|Any CPU
		{6030B3F5-41E3-40AA-A31A-C6AFEBC9C2F6}.Release|iPhoneSimulator.ActiveCfg = Release|Any CPU
		{6030B3F5-41E3-40AA-A31A-C6AFEBC9C2F6}.Release|iPhoneSimulator.Build.0 = Release|Any CPU
		{6030B3F5-41E3-40AA-A31A-C6AFEBC9C2F6}.Release|iPhoneSimulator.Deploy.0 = Release|Any CPU
		{E5DEC12D-8C47-4634-B7FE-49A004EAADC8}.Ad-Hoc|Any CPU.ActiveCfg = Release|Any CPU
		{E5DEC12D-8C47-4634-B7FE-49A004EAADC8}.Ad-Hoc|Any CPU.Build.0 = Release|Any CPU
		{E5DEC12D-8C47-4634-B7FE-49A004EAADC8}.Ad-Hoc|iPhone.ActiveCfg = Release|Any CPU
		{E5DEC12D-8C47-4634-B7FE-49A004EAADC8}.Ad-Hoc|iPhone.Build.0 = Release|Any CPU
		{E5DEC12D-8C47-4634-B7FE-49A004EAADC8}.Ad-Hoc|iPhoneSimulator.ActiveCfg = Release|Any CPU
		{E5DEC12D-8C47-4634-B7FE-49A004EAADC8}.Ad-Hoc|iPhoneSimulator.Build.0 = Release|Any CPU
		{E5DEC12D-8C47-4634-B7FE-49A004EAADC8}.AppStore|Any CPU.ActiveCfg = Release|Any CPU
		{E5DEC12D-8C47-4634-B7FE-49A004EAADC8}.AppStore|Any CPU.Build.0 = Release|Any CPU
		{E5DEC12D-8C47-4634-B7FE-49A004EAADC8}.AppStore|iPhone.ActiveCfg = Release|Any CPU
		{E5DEC12D-8C47-4634-B7FE-49A004EAADC8}.AppStore|iPhone.Build.0 = Release|Any CPU
		{E5DEC12D-8C47-4634-B7FE-49A004EAADC8}.AppStore|iPhoneSimulator.ActiveCfg = Release|Any CPU
		{E5DEC12D-8C47-4634-B7FE-49A004EAADC8}.AppStore|iPhoneSimulator.Build.0 = Release|Any CPU
		{E5DEC12D-8C47-4634-B7FE-49A004EAADC8}.Debug|Any CPU.ActiveCfg = Debug|Any CPU
		{E5DEC12D-8C47-4634-B7FE-49A004EAADC8}.Debug|Any CPU.Build.0 = Debug|Any CPU
		{E5DEC12D-8C47-4634-B7FE-49A004EAADC8}.Debug|iPhone.ActiveCfg = Debug|Any CPU
		{E5DEC12D-8C47-4634-B7FE-49A004EAADC8}.Debug|iPhone.Build.0 = Debug|Any CPU
		{E5DEC12D-8C47-4634-B7FE-49A004EAADC8}.Debug|iPhoneSimulator.ActiveCfg = Debug|Any CPU
		{E5DEC12D-8C47-4634-B7FE-49A004EAADC8}.Debug|iPhoneSimulator.Build.0 = Debug|Any CPU
		{E5DEC12D-8C47-4634-B7FE-49A004EAADC8}.Release|Any CPU.ActiveCfg = Release|Any CPU
		{E5DEC12D-8C47-4634-B7FE-49A004EAADC8}.Release|Any CPU.Build.0 = Release|Any CPU
		{E5DEC12D-8C47-4634-B7FE-49A004EAADC8}.Release|iPhone.ActiveCfg = Release|Any CPU
		{E5DEC12D-8C47-4634-B7FE-49A004EAADC8}.Release|iPhone.Build.0 = Release|Any CPU
		{E5DEC12D-8C47-4634-B7FE-49A004EAADC8}.Release|iPhoneSimulator.ActiveCfg = Release|Any CPU
		{E5DEC12D-8C47-4634-B7FE-49A004EAADC8}.Release|iPhoneSimulator.Build.0 = Release|Any CPU
		{4D42E2E5-C04E-4005-9823-76CDE61B995F}.Ad-Hoc|Any CPU.ActiveCfg = Release|Any CPU
		{4D42E2E5-C04E-4005-9823-76CDE61B995F}.Ad-Hoc|Any CPU.Build.0 = Release|Any CPU
		{4D42E2E5-C04E-4005-9823-76CDE61B995F}.Ad-Hoc|iPhone.ActiveCfg = Release|Any CPU
		{4D42E2E5-C04E-4005-9823-76CDE61B995F}.Ad-Hoc|iPhone.Build.0 = Release|Any CPU
		{4D42E2E5-C04E-4005-9823-76CDE61B995F}.Ad-Hoc|iPhoneSimulator.ActiveCfg = Release|Any CPU
		{4D42E2E5-C04E-4005-9823-76CDE61B995F}.Ad-Hoc|iPhoneSimulator.Build.0 = Release|Any CPU
		{4D42E2E5-C04E-4005-9823-76CDE61B995F}.AppStore|Any CPU.ActiveCfg = Release|Any CPU
		{4D42E2E5-C04E-4005-9823-76CDE61B995F}.AppStore|Any CPU.Build.0 = Release|Any CPU
		{4D42E2E5-C04E-4005-9823-76CDE61B995F}.AppStore|iPhone.ActiveCfg = Release|Any CPU
		{4D42E2E5-C04E-4005-9823-76CDE61B995F}.AppStore|iPhone.Build.0 = Release|Any CPU
		{4D42E2E5-C04E-4005-9823-76CDE61B995F}.AppStore|iPhoneSimulator.ActiveCfg = Release|Any CPU
		{4D42E2E5-C04E-4005-9823-76CDE61B995F}.AppStore|iPhoneSimulator.Build.0 = Release|Any CPU
		{4D42E2E5-C04E-4005-9823-76CDE61B995F}.Debug|Any CPU.ActiveCfg = Debug|Any CPU
		{4D42E2E5-C04E-4005-9823-76CDE61B995F}.Debug|Any CPU.Build.0 = Debug|Any CPU
		{4D42E2E5-C04E-4005-9823-76CDE61B995F}.Debug|iPhone.ActiveCfg = Debug|Any CPU
		{4D42E2E5-C04E-4005-9823-76CDE61B995F}.Debug|iPhone.Build.0 = Debug|Any CPU
		{4D42E2E5-C04E-4005-9823-76CDE61B995F}.Debug|iPhoneSimulator.ActiveCfg = Debug|Any CPU
		{4D42E2E5-C04E-4005-9823-76CDE61B995F}.Debug|iPhoneSimulator.Build.0 = Debug|Any CPU
		{4D42E2E5-C04E-4005-9823-76CDE61B995F}.Release|Any CPU.ActiveCfg = Release|Any CPU
		{4D42E2E5-C04E-4005-9823-76CDE61B995F}.Release|Any CPU.Build.0 = Release|Any CPU
		{4D42E2E5-C04E-4005-9823-76CDE61B995F}.Release|iPhone.ActiveCfg = Release|Any CPU
		{4D42E2E5-C04E-4005-9823-76CDE61B995F}.Release|iPhone.Build.0 = Release|Any CPU
		{4D42E2E5-C04E-4005-9823-76CDE61B995F}.Release|iPhoneSimulator.ActiveCfg = Release|Any CPU
		{4D42E2E5-C04E-4005-9823-76CDE61B995F}.Release|iPhoneSimulator.Build.0 = Release|Any CPU
		{FC9B1AA2-75D5-4CE4-9AEA-F3BD928BA22C}.Ad-Hoc|Any CPU.ActiveCfg = Release|Any CPU
		{FC9B1AA2-75D5-4CE4-9AEA-F3BD928BA22C}.Ad-Hoc|Any CPU.Build.0 = Release|Any CPU
		{FC9B1AA2-75D5-4CE4-9AEA-F3BD928BA22C}.Ad-Hoc|iPhone.ActiveCfg = Release|Any CPU
		{FC9B1AA2-75D5-4CE4-9AEA-F3BD928BA22C}.Ad-Hoc|iPhone.Build.0 = Release|Any CPU
		{FC9B1AA2-75D5-4CE4-9AEA-F3BD928BA22C}.Ad-Hoc|iPhoneSimulator.ActiveCfg = Release|Any CPU
		{FC9B1AA2-75D5-4CE4-9AEA-F3BD928BA22C}.Ad-Hoc|iPhoneSimulator.Build.0 = Release|Any CPU
		{FC9B1AA2-75D5-4CE4-9AEA-F3BD928BA22C}.AppStore|Any CPU.ActiveCfg = Release|Any CPU
		{FC9B1AA2-75D5-4CE4-9AEA-F3BD928BA22C}.AppStore|Any CPU.Build.0 = Release|Any CPU
		{FC9B1AA2-75D5-4CE4-9AEA-F3BD928BA22C}.AppStore|iPhone.ActiveCfg = Release|Any CPU
		{FC9B1AA2-75D5-4CE4-9AEA-F3BD928BA22C}.AppStore|iPhone.Build.0 = Release|Any CPU
		{FC9B1AA2-75D5-4CE4-9AEA-F3BD928BA22C}.AppStore|iPhoneSimulator.ActiveCfg = Release|Any CPU
		{FC9B1AA2-75D5-4CE4-9AEA-F3BD928BA22C}.AppStore|iPhoneSimulator.Build.0 = Release|Any CPU
		{FC9B1AA2-75D5-4CE4-9AEA-F3BD928BA22C}.Debug|Any CPU.ActiveCfg = Debug|Any CPU
		{FC9B1AA2-75D5-4CE4-9AEA-F3BD928BA22C}.Debug|Any CPU.Build.0 = Debug|Any CPU
		{FC9B1AA2-75D5-4CE4-9AEA-F3BD928BA22C}.Debug|iPhone.ActiveCfg = Debug|Any CPU
		{FC9B1AA2-75D5-4CE4-9AEA-F3BD928BA22C}.Debug|iPhone.Build.0 = Debug|Any CPU
		{FC9B1AA2-75D5-4CE4-9AEA-F3BD928BA22C}.Debug|iPhoneSimulator.ActiveCfg = Debug|Any CPU
		{FC9B1AA2-75D5-4CE4-9AEA-F3BD928BA22C}.Debug|iPhoneSimulator.Build.0 = Debug|Any CPU
		{FC9B1AA2-75D5-4CE4-9AEA-F3BD928BA22C}.Release|Any CPU.ActiveCfg = Release|Any CPU
		{FC9B1AA2-75D5-4CE4-9AEA-F3BD928BA22C}.Release|Any CPU.Build.0 = Release|Any CPU
		{FC9B1AA2-75D5-4CE4-9AEA-F3BD928BA22C}.Release|iPhone.ActiveCfg = Release|Any CPU
		{FC9B1AA2-75D5-4CE4-9AEA-F3BD928BA22C}.Release|iPhone.Build.0 = Release|Any CPU
		{FC9B1AA2-75D5-4CE4-9AEA-F3BD928BA22C}.Release|iPhoneSimulator.ActiveCfg = Release|Any CPU
		{FC9B1AA2-75D5-4CE4-9AEA-F3BD928BA22C}.Release|iPhoneSimulator.Build.0 = Release|Any CPU
		{DFE961C6-2B67-4B9D-A4C7-88566393EFDD}.Ad-Hoc|Any CPU.ActiveCfg = Release|Any CPU
		{DFE961C6-2B67-4B9D-A4C7-88566393EFDD}.Ad-Hoc|Any CPU.Build.0 = Release|Any CPU
		{DFE961C6-2B67-4B9D-A4C7-88566393EFDD}.Ad-Hoc|iPhone.ActiveCfg = Release|Any CPU
		{DFE961C6-2B67-4B9D-A4C7-88566393EFDD}.Ad-Hoc|iPhone.Build.0 = Release|Any CPU
		{DFE961C6-2B67-4B9D-A4C7-88566393EFDD}.Ad-Hoc|iPhoneSimulator.ActiveCfg = Release|Any CPU
		{DFE961C6-2B67-4B9D-A4C7-88566393EFDD}.Ad-Hoc|iPhoneSimulator.Build.0 = Release|Any CPU
		{DFE961C6-2B67-4B9D-A4C7-88566393EFDD}.AppStore|Any CPU.ActiveCfg = Release|Any CPU
		{DFE961C6-2B67-4B9D-A4C7-88566393EFDD}.AppStore|Any CPU.Build.0 = Release|Any CPU
		{DFE961C6-2B67-4B9D-A4C7-88566393EFDD}.AppStore|iPhone.ActiveCfg = Release|Any CPU
		{DFE961C6-2B67-4B9D-A4C7-88566393EFDD}.AppStore|iPhone.Build.0 = Release|Any CPU
		{DFE961C6-2B67-4B9D-A4C7-88566393EFDD}.AppStore|iPhoneSimulator.ActiveCfg = Release|Any CPU
		{DFE961C6-2B67-4B9D-A4C7-88566393EFDD}.AppStore|iPhoneSimulator.Build.0 = Release|Any CPU
		{DFE961C6-2B67-4B9D-A4C7-88566393EFDD}.Debug|Any CPU.ActiveCfg = Debug|Any CPU
		{DFE961C6-2B67-4B9D-A4C7-88566393EFDD}.Debug|Any CPU.Build.0 = Debug|Any CPU
		{DFE961C6-2B67-4B9D-A4C7-88566393EFDD}.Debug|iPhone.ActiveCfg = Debug|Any CPU
		{DFE961C6-2B67-4B9D-A4C7-88566393EFDD}.Debug|iPhone.Build.0 = Debug|Any CPU
		{DFE961C6-2B67-4B9D-A4C7-88566393EFDD}.Debug|iPhoneSimulator.ActiveCfg = Debug|Any CPU
		{DFE961C6-2B67-4B9D-A4C7-88566393EFDD}.Debug|iPhoneSimulator.Build.0 = Debug|Any CPU
		{DFE961C6-2B67-4B9D-A4C7-88566393EFDD}.Release|Any CPU.ActiveCfg = Release|Any CPU
		{DFE961C6-2B67-4B9D-A4C7-88566393EFDD}.Release|Any CPU.Build.0 = Release|Any CPU
		{DFE961C6-2B67-4B9D-A4C7-88566393EFDD}.Release|iPhone.ActiveCfg = Release|Any CPU
		{DFE961C6-2B67-4B9D-A4C7-88566393EFDD}.Release|iPhone.Build.0 = Release|Any CPU
		{DFE961C6-2B67-4B9D-A4C7-88566393EFDD}.Release|iPhoneSimulator.ActiveCfg = Release|Any CPU
		{DFE961C6-2B67-4B9D-A4C7-88566393EFDD}.Release|iPhoneSimulator.Build.0 = Release|Any CPU
		{A5254A2B-E211-4C75-AF58-CD957637AF7D}.Ad-Hoc|Any CPU.ActiveCfg = Release|Any CPU
		{A5254A2B-E211-4C75-AF58-CD957637AF7D}.Ad-Hoc|Any CPU.Build.0 = Release|Any CPU
		{A5254A2B-E211-4C75-AF58-CD957637AF7D}.Ad-Hoc|iPhone.ActiveCfg = Release|Any CPU
		{A5254A2B-E211-4C75-AF58-CD957637AF7D}.Ad-Hoc|iPhone.Build.0 = Release|Any CPU
		{A5254A2B-E211-4C75-AF58-CD957637AF7D}.Ad-Hoc|iPhoneSimulator.ActiveCfg = Release|Any CPU
		{A5254A2B-E211-4C75-AF58-CD957637AF7D}.Ad-Hoc|iPhoneSimulator.Build.0 = Release|Any CPU
		{A5254A2B-E211-4C75-AF58-CD957637AF7D}.AppStore|Any CPU.ActiveCfg = Release|Any CPU
		{A5254A2B-E211-4C75-AF58-CD957637AF7D}.AppStore|Any CPU.Build.0 = Release|Any CPU
		{A5254A2B-E211-4C75-AF58-CD957637AF7D}.AppStore|iPhone.ActiveCfg = Release|Any CPU
		{A5254A2B-E211-4C75-AF58-CD957637AF7D}.AppStore|iPhone.Build.0 = Release|Any CPU
		{A5254A2B-E211-4C75-AF58-CD957637AF7D}.AppStore|iPhoneSimulator.ActiveCfg = Release|Any CPU
		{A5254A2B-E211-4C75-AF58-CD957637AF7D}.AppStore|iPhoneSimulator.Build.0 = Release|Any CPU
		{A5254A2B-E211-4C75-AF58-CD957637AF7D}.Debug|Any CPU.ActiveCfg = Debug|Any CPU
		{A5254A2B-E211-4C75-AF58-CD957637AF7D}.Debug|Any CPU.Build.0 = Debug|Any CPU
		{A5254A2B-E211-4C75-AF58-CD957637AF7D}.Debug|iPhone.ActiveCfg = Debug|Any CPU
		{A5254A2B-E211-4C75-AF58-CD957637AF7D}.Debug|iPhone.Build.0 = Debug|Any CPU
		{A5254A2B-E211-4C75-AF58-CD957637AF7D}.Debug|iPhoneSimulator.ActiveCfg = Debug|Any CPU
		{A5254A2B-E211-4C75-AF58-CD957637AF7D}.Debug|iPhoneSimulator.Build.0 = Debug|Any CPU
		{A5254A2B-E211-4C75-AF58-CD957637AF7D}.Release|Any CPU.ActiveCfg = Release|Any CPU
		{A5254A2B-E211-4C75-AF58-CD957637AF7D}.Release|Any CPU.Build.0 = Release|Any CPU
		{A5254A2B-E211-4C75-AF58-CD957637AF7D}.Release|iPhone.ActiveCfg = Release|Any CPU
		{A5254A2B-E211-4C75-AF58-CD957637AF7D}.Release|iPhone.Build.0 = Release|Any CPU
		{A5254A2B-E211-4C75-AF58-CD957637AF7D}.Release|iPhoneSimulator.ActiveCfg = Release|Any CPU
		{A5254A2B-E211-4C75-AF58-CD957637AF7D}.Release|iPhoneSimulator.Build.0 = Release|Any CPU
	EndGlobalSection
	GlobalSection(SolutionProperties) = preSolution
		HideSolutionNode = FALSE
	EndGlobalSection
	GlobalSection(ExtensibilityGlobals) = postSolution
		SolutionGuid = {072B8A79-0E92-487E-9CE1-7B5CF9EC028E}
	EndGlobalSection
EndGlobal
